
Microsoft Visual Studio Solution File, Format Version 12.00
# Visual Studio 2013
VisualStudioVersion = 12.0.31101.0
MinimumVisualStudioVersion = 10.0.40219.1
Project("{FAE04EC0-301F-11D3-BF4B-00C04F79EFBC}") = "BrainEaters", "BrainEaters\BrainEaters.csproj", "{7C6AEDDD-1195-4330-A5B9-5112F6D5BE18}"
EndProject
Project("{2150E333-8FDC-42A3-9474-1A3956D46DE8}") = "Solution Items", "Solution Items", "{16A18E67-EFAA-4674-A360-8866A1953C50}"
	ProjectSection(SolutionItems) = preProject
		README.md = README.md
	EndProjectSection
EndProject
Global
	GlobalSection(SolutionConfigurationPlatforms) = preSolution
		Debug|Any CPU = Debug|Any CPU
		Release|Any CPU = Release|Any CPU
	EndGlobalSection
	GlobalSection(ProjectConfigurationPlatforms) = postSolution
		{7C6AEDDD-1195-4330-A5B9-5112F6D5BE18}.Debug|Any CPU.ActiveCfg = Debug|Any CPU
		{7C6AEDDD-1195-4330-A5B9-5112F6D5BE18}.Debug|Any CPU.Build.0 = Debug|Any CPU
		{7C6AEDDD-1195-4330-A5B9-5112F6D5BE18}.Release|Any CPU.ActiveCfg = Release|Any CPU
		{7C6AEDDD-1195-4330-A5B9-5112F6D5BE18}.Release|Any CPU.Build.0 = Release|Any CPU
	EndGlobalSection
	GlobalSection(SolutionProperties) = preSolution
		HideSolutionNode = FALSE
	EndGlobalSection
EndGlobal
